
Microsoft Visual Studio Solution File, Format Version 12.00
# Visual Studio 15
VisualStudioVersion = 15.0.26430.16
MinimumVisualStudioVersion = 10.0.40219.1
Project("{FAE04EC0-301F-11D3-BF4B-00C04F79EFBC}") = "Banking", "Banking\Banking.csproj", "{D05216D1-BFB5-4C11-AE55-A63B638C733C}"
EndProject
Project("{FAE04EC0-301F-11D3-BF4B-00C04F79EFBC}") = "Banking.UnitTests", "Banking.UnitTests\Banking.UnitTests.csproj", "{076FA5A5-9465-424E-AE6E-4AB18AB5DE63}"
EndProject
Global
	GlobalSection(SolutionConfigurationPlatforms) = preSolution
		Debug|Any CPU = Debug|Any CPU
		Release|Any CPU = Release|Any CPU
	EndGlobalSection
	GlobalSection(ProjectConfigurationPlatforms) = postSolution
		{D05216D1-BFB5-4C11-AE55-A63B638C733C}.Debug|Any CPU.ActiveCfg = Debug|Any CPU
		{D05216D1-BFB5-4C11-AE55-A63B638C733C}.Debug|Any CPU.Build.0 = Debug|Any CPU
		{D05216D1-BFB5-4C11-AE55-A63B638C733C}.Release|Any CPU.ActiveCfg = Release|Any CPU
		{D05216D1-BFB5-4C11-AE55-A63B638C733C}.Release|Any CPU.Build.0 = Release|Any CPU
		{076FA5A5-9465-424E-AE6E-4AB18AB5DE63}.Debug|Any CPU.ActiveCfg = Debug|Any CPU
		{076FA5A5-9465-424E-AE6E-4AB18AB5DE63}.Debug|Any CPU.Build.0 = Debug|Any CPU
		{076FA5A5-9465-424E-AE6E-4AB18AB5DE63}.Release|Any CPU.ActiveCfg = Release|Any CPU
		{076FA5A5-9465-424E-AE6E-4AB18AB5DE63}.Release|Any CPU.Build.0 = Release|Any CPU
	EndGlobalSection
	GlobalSection(SolutionProperties) = preSolution
		HideSolutionNode = FALSE
	EndGlobalSection
	GlobalSection(ExtensibilityGlobals) = postSolution
		SolutionGuid = {7AF50DF3-6D81-4CD5-920B-FCEA26B4A8EC}
	EndGlobalSection
EndGlobal
